
Microsoft Visual Studio Solution File, Format Version 12.00
# Visual Studio Version 16
VisualStudioVersion = 16.0.810.8
MinimumVisualStudioVersion = 10.0.40219.1
Project("{FAE04EC0-301F-11D3-BF4B-00C04F79EFBC}") = "Episode009", "Episode009\Episode009.csproj", "{10496F93-8F86-4B57-A350-C44AE017C139}"
EndProject
Global
	GlobalSection(SolutionConfigurationPlatforms) = preSolution
		Debug|Any CPU = Debug|Any CPU
		Release|Any CPU = Release|Any CPU
	EndGlobalSection
	GlobalSection(ProjectConfigurationPlatforms) = postSolution
		{10496F93-8F86-4B57-A350-C44AE017C139}.Debug|Any CPU.ActiveCfg = Debug|Any CPU
		{10496F93-8F86-4B57-A350-C44AE017C139}.Debug|Any CPU.Build.0 = Debug|Any CPU
		{10496F93-8F86-4B57-A350-C44AE017C139}.Release|Any CPU.ActiveCfg = Release|Any CPU
		{10496F93-8F86-4B57-A350-C44AE017C139}.Release|Any CPU.Build.0 = Release|Any CPU
	EndGlobalSection
	GlobalSection(SolutionProperties) = preSolution
		HideSolutionNode = FALSE
	EndGlobalSection
	GlobalSection(ExtensibilityGlobals) = postSolution
		SolutionGuid = {CA08CDCF-72D7-46AB-94F1-405351E20BDD}
	EndGlobalSection
EndGlobal
