
Microsoft Visual Studio Solution File, Format Version 12.00
# Visual Studio Version 16
VisualStudioVersion = 16.0.810.7
MinimumVisualStudioVersion = 10.0.40219.1
Project("{FAE04EC0-301F-11D3-BF4B-00C04F79EFBC}") = "Episode005", "Episode005\Episode005.csproj", "{4DD53EA8-77D3-43AC-A6B5-B699C5D276F3}"
EndProject
Global
	GlobalSection(SolutionConfigurationPlatforms) = preSolution
		Debug|Any CPU = Debug|Any CPU
		Release|Any CPU = Release|Any CPU
	EndGlobalSection
	GlobalSection(ProjectConfigurationPlatforms) = postSolution
		{4DD53EA8-77D3-43AC-A6B5-B699C5D276F3}.Debug|Any CPU.ActiveCfg = Debug|Any CPU
		{4DD53EA8-77D3-43AC-A6B5-B699C5D276F3}.Debug|Any CPU.Build.0 = Debug|Any CPU
		{4DD53EA8-77D3-43AC-A6B5-B699C5D276F3}.Release|Any CPU.ActiveCfg = Release|Any CPU
		{4DD53EA8-77D3-43AC-A6B5-B699C5D276F3}.Release|Any CPU.Build.0 = Release|Any CPU
	EndGlobalSection
	GlobalSection(SolutionProperties) = preSolution
		HideSolutionNode = FALSE
	EndGlobalSection
	GlobalSection(ExtensibilityGlobals) = postSolution
		SolutionGuid = {0BFE4F7F-AAD7-4515-A20B-AA54CE59605C}
	EndGlobalSection
EndGlobal
