
Microsoft Visual Studio Solution File, Format Version 12.00
# Visual Studio Version 16
VisualStudioVersion = 16.0.810.9
MinimumVisualStudioVersion = 10.0.40219.1
Project("{FAE04EC0-301F-11D3-BF4B-00C04F79EFBC}") = "HowToDapperCRUD", "HowToDapperCRUD\HowToDapperCRUD.csproj", "{735B3539-6572-47A0-8D9C-CFE8701304B1}"
EndProject
Global
	GlobalSection(SolutionConfigurationPlatforms) = preSolution
		Debug|Any CPU = Debug|Any CPU
		Release|Any CPU = Release|Any CPU
	EndGlobalSection
	GlobalSection(ProjectConfigurationPlatforms) = postSolution
		{735B3539-6572-47A0-8D9C-CFE8701304B1}.Debug|Any CPU.ActiveCfg = Debug|Any CPU
		{735B3539-6572-47A0-8D9C-CFE8701304B1}.Debug|Any CPU.Build.0 = Debug|Any CPU
		{735B3539-6572-47A0-8D9C-CFE8701304B1}.Release|Any CPU.ActiveCfg = Release|Any CPU
		{735B3539-6572-47A0-8D9C-CFE8701304B1}.Release|Any CPU.Build.0 = Release|Any CPU
	EndGlobalSection
	GlobalSection(SolutionProperties) = preSolution
		HideSolutionNode = FALSE
	EndGlobalSection
	GlobalSection(ExtensibilityGlobals) = postSolution
		SolutionGuid = {2E104CB9-397B-4DE1-AF31-F6BCD07AF9B9}
	EndGlobalSection
EndGlobal
