
Microsoft Visual Studio Solution File, Format Version 12.00
# Visual Studio Version 16
VisualStudioVersion = 16.0.810.8
MinimumVisualStudioVersion = 10.0.40219.1
Project("{FAE04EC0-301F-11D3-BF4B-00C04F79EFBC}") = "HowToUseNuggetPackage", "HowToUseNuggetPackage\HowToUseNuggetPackage.csproj", "{B87F3ECD-AFEC-4EA2-B678-8708508B2256}"
EndProject
Global
	GlobalSection(SolutionConfigurationPlatforms) = preSolution
		Debug|Any CPU = Debug|Any CPU
		Release|Any CPU = Release|Any CPU
	EndGlobalSection
	GlobalSection(ProjectConfigurationPlatforms) = postSolution
		{B87F3ECD-AFEC-4EA2-B678-8708508B2256}.Debug|Any CPU.ActiveCfg = Debug|Any CPU
		{B87F3ECD-AFEC-4EA2-B678-8708508B2256}.Debug|Any CPU.Build.0 = Debug|Any CPU
		{B87F3ECD-AFEC-4EA2-B678-8708508B2256}.Release|Any CPU.ActiveCfg = Release|Any CPU
		{B87F3ECD-AFEC-4EA2-B678-8708508B2256}.Release|Any CPU.Build.0 = Release|Any CPU
	EndGlobalSection
	GlobalSection(SolutionProperties) = preSolution
		HideSolutionNode = FALSE
	EndGlobalSection
	GlobalSection(ExtensibilityGlobals) = postSolution
		SolutionGuid = {26182919-13F4-4B1E-B080-ED9B01DBC158}
	EndGlobalSection
EndGlobal
