
Microsoft Visual Studio Solution File, Format Version 12.00
# Visual Studio Version 16
VisualStudioVersion = 16.0.810.7
MinimumVisualStudioVersion = 10.0.40219.1
Project("{FAE04EC0-301F-11D3-BF4B-00C04F79EFBC}") = "Episode006", "Episode006\Episode006.csproj", "{8985FCF6-DB75-4DA9-B96A-A7D52BFC41B4}"
EndProject
Global
	GlobalSection(SolutionConfigurationPlatforms) = preSolution
		Debug|Any CPU = Debug|Any CPU
		Release|Any CPU = Release|Any CPU
	EndGlobalSection
	GlobalSection(ProjectConfigurationPlatforms) = postSolution
		{8985FCF6-DB75-4DA9-B96A-A7D52BFC41B4}.Debug|Any CPU.ActiveCfg = Debug|Any CPU
		{8985FCF6-DB75-4DA9-B96A-A7D52BFC41B4}.Debug|Any CPU.Build.0 = Debug|Any CPU
		{8985FCF6-DB75-4DA9-B96A-A7D52BFC41B4}.Release|Any CPU.ActiveCfg = Release|Any CPU
		{8985FCF6-DB75-4DA9-B96A-A7D52BFC41B4}.Release|Any CPU.Build.0 = Release|Any CPU
	EndGlobalSection
	GlobalSection(SolutionProperties) = preSolution
		HideSolutionNode = FALSE
	EndGlobalSection
	GlobalSection(ExtensibilityGlobals) = postSolution
		SolutionGuid = {1B2BF8E2-8C50-409B-BA5E-18A52F374BD7}
	EndGlobalSection
EndGlobal
