
Microsoft Visual Studio Solution File, Format Version 12.00
# Visual Studio Version 16
VisualStudioVersion = 16.0.810.7
MinimumVisualStudioVersion = 10.0.40219.1
Project("{FAE04EC0-301F-11D3-BF4B-00C04F79EFBC}") = "Episode004", "Episode004\Episode004.csproj", "{0739F737-0FA9-439F-A3D7-39E4D20C6707}"
EndProject
Global
	GlobalSection(SolutionConfigurationPlatforms) = preSolution
		Debug|Any CPU = Debug|Any CPU
		Release|Any CPU = Release|Any CPU
	EndGlobalSection
	GlobalSection(ProjectConfigurationPlatforms) = postSolution
		{0739F737-0FA9-439F-A3D7-39E4D20C6707}.Debug|Any CPU.ActiveCfg = Debug|Any CPU
		{0739F737-0FA9-439F-A3D7-39E4D20C6707}.Debug|Any CPU.Build.0 = Debug|Any CPU
		{0739F737-0FA9-439F-A3D7-39E4D20C6707}.Release|Any CPU.ActiveCfg = Release|Any CPU
		{0739F737-0FA9-439F-A3D7-39E4D20C6707}.Release|Any CPU.Build.0 = Release|Any CPU
	EndGlobalSection
	GlobalSection(SolutionProperties) = preSolution
		HideSolutionNode = FALSE
	EndGlobalSection
	GlobalSection(ExtensibilityGlobals) = postSolution
		SolutionGuid = {DF693EB9-B5F6-4DAC-AE30-2F4EA16596D1}
	EndGlobalSection
EndGlobal
