
Microsoft Visual Studio Solution File, Format Version 12.00
# Visual Studio Version 16
VisualStudioVersion = 16.0.810.6
MinimumVisualStudioVersion = 10.0.40219.1
Project("{FAE04EC0-301F-11D3-BF4B-00C04F79EFBC}") = "Episode1VariableAndDataType", "Episode1VariableAndDataType\Episode1VariableAndDataType.csproj", "{880AB02D-008E-472A-9AAE-B98CF0D37DC4}"
EndProject
Global
	GlobalSection(SolutionConfigurationPlatforms) = preSolution
		Debug|Any CPU = Debug|Any CPU
		Release|Any CPU = Release|Any CPU
	EndGlobalSection
	GlobalSection(ProjectConfigurationPlatforms) = postSolution
		{880AB02D-008E-472A-9AAE-B98CF0D37DC4}.Debug|Any CPU.ActiveCfg = Debug|Any CPU
		{880AB02D-008E-472A-9AAE-B98CF0D37DC4}.Debug|Any CPU.Build.0 = Debug|Any CPU
		{880AB02D-008E-472A-9AAE-B98CF0D37DC4}.Release|Any CPU.ActiveCfg = Release|Any CPU
		{880AB02D-008E-472A-9AAE-B98CF0D37DC4}.Release|Any CPU.Build.0 = Release|Any CPU
	EndGlobalSection
	GlobalSection(SolutionProperties) = preSolution
		HideSolutionNode = FALSE
	EndGlobalSection
	GlobalSection(ExtensibilityGlobals) = postSolution
		SolutionGuid = {1467443F-4F85-47A2-8172-E6E312EA41D5}
	EndGlobalSection
EndGlobal
